lockfileVersion: '9.0'

settings:
  autoInstallPeers: true
  excludeLinksFromLockfile: false

importers:

  .:
    dependencies:
      '@brandora/config':
        specifier: workspace:*
        version: link:packages/brandora-config
      '@brandora/server':
        specifier: workspace:*
        version: link:packages/brandora-server
      pg:
        specifier: ^8.23.0
        version: 8.23.0
    devDependencies:
      '@types/node':
        specifier: ^22.10.2
        version: 22.20.1
      turbo:
        specifier: ^2.3.3
        version: 2.10.9
      typescript:
        specifier: ^5.7.2
        version: 5.9.3

  apps/brandora:
    dependencies:
      '@brandora/config':
        specifier: workspace:*
        version: link:../../packages/brandora-config
      '@brandora/server':
        specifier: workspace:*
        version: link:../../packages/brandora-server
      pg:
        specifier: ^8.23.0
        version: 8.23.0

  packages/brandora-ai:
    dependencies:
      '@anthropic-ai/sdk':
        specifier: ^0.68.0
        version: 0.68.0
      '@brandora/brand-engine':
        specifier: workspace:*
        version: link:../brandora-brand-engine
      '@brandora/config':
        specifier: workspace:*
        version: link:../brandora-config
      '@brandora/shared':
        specifier: workspace:*
        version: link:../brandora-shared
    devDependencies:
      '@types/node':
        specifier: ^22.10.2
        version: 22.20.1
      typescript:
        specifier: ^5.7.2
        version: 5.9.3

  packages/brandora-auth:
    dependencies:
      '@brandora/shared':
        specifier: workspace:*
        version: link:../brandora-shared
    devDependencies:
      '@types/node':
        specifier: ^22.10.2
        version: 22.20.1
      typescript:
        specifier: ^5.7.2
        version: 5.9.3

  packages/brandora-brand-engine:
    dependencies:
      '@brandora/shared':
        specifier: workspace:*
        version: link:../brandora-shared
    devDependencies:
      '@types/node':
        specifier: ^22.10.2
        version: 22.20.1
      typescript:
        specifier: ^5.7.2
        version: 5.9.3

  packages/brandora-catalog:
    dependencies:
      '@brandora/shared':
        specifier: workspace:*
        version: link:../brandora-shared
    devDependencies:
      '@types/node':
        specifier: ^22.10.2
        version: 22.20.1
      typescript:
        specifier: ^5.7.2
        version: 5.9.3

  packages/brandora-config:
    dependencies:
      '@brandora/shared':
        specifier: workspace:*
        version: link:../brandora-shared
    devDependencies:
      '@types/node':
        specifier: ^22.10.2
        version: 22.20.1
      typescript:
        specifier: ^5.7.2
        version: 5.9.3

  packages/brandora-database:
    dependencies:
      '@brandora/shared':
        specifier: workspace:*
        version: link:../brandora-shared
      pg:
        specifier: ^8.23.0
        version: 8.23.0
    devDependencies:
      '@types/node':
        specifier: ^22.10.2
        version: 22.20.1
      '@types/pg':
        specifier: ^8.21.0
        version: 8.21.0
      typescript:
        specifier: ^5.7.2
        version: 5.9.3

  packages/brandora-i18n:
    dependencies:
      '@brandora/shared':
        specifier: workspace:*
        version: link:../brandora-shared
    devDependencies:
      '@types/node':
        specifier: ^22.10.2
        version: 22.20.1
      typescript:
        specifier: ^5.7.2
        version: 5.9.3

  packages/brandora-quotes:
    dependencies:
      '@brandora/shared':
        specifier: workspace:*
        version: link:../brandora-shared
    devDependencies:
      '@types/node':
        specifier: ^22.10.2
        version: 22.20.1
      typescript:
        specifier: ^5.7.2
        version: 5.9.3

  packages/brandora-server:
    dependencies:
      '@brandora/ai':
        specifier: workspace:*
        version: link:../brandora-ai
      '@brandora/auth':
        specifier: workspace:*
        version: link:../brandora-auth
      '@brandora/brand-engine':
        specifier: workspace:*
        version: link:../brandora-brand-engine
      '@brandora/catalog':
        specifier: workspace:*
        version: link:../brandora-catalog
      '@brandora/config':
        specifier: workspace:*
        version: link:../brandora-config
      '@brandora/database':
        specifier: workspace:*
        version: link:../brandora-database
      '@brandora/i18n':
        specifier: workspace:*
        version: link:../brandora-i18n
      '@brandora/quotes':
        specifier: workspace:*
        version: link:../brandora-quotes
      '@brandora/shared':
        specifier: workspace:*
        version: link:../brandora-shared
    devDependencies:
      '@types/node':
        specifier: ^22.10.2
        version: 22.20.1
      typescript:
        specifier: ^5.7.2
        version: 5.9.3

  packages/brandora-shared:
    devDependencies:
      '@types/node':
        specifier: ^22.10.2
        version: 22.20.1
      typescript:
        specifier: ^5.7.2
        version: 5.9.3

  packages/brandora-sourcing:
    dependencies:
      '@brandora/config':
        specifier: workspace:*
        version: link:../brandora-config
      '@brandora/shared':
        specifier: workspace:*
        version: link:../brandora-shared
    devDependencies:
      '@types/node':
        specifier: ^22.10.2
        version: 22.20.1
      typescript:
        specifier: ^5.7.2
        version: 5.9.3

  tests:
    dependencies:
      '@brandora/ai':
        specifier: workspace:*
        version: link:../packages/brandora-ai
      '@brandora/auth':
        specifier: workspace:*
        version: link:../packages/brandora-auth
      '@brandora/brand-engine':
        specifier: workspace:*
        version: link:../packages/brandora-brand-engine
      '@brandora/catalog':
        specifier: workspace:*
        version: link:../packages/brandora-catalog
      '@brandora/config':
        specifier: workspace:*
        version: link:../packages/brandora-config
      '@brandora/database':
        specifier: workspace:*
        version: link:../packages/brandora-database
      '@brandora/i18n':
        specifier: workspace:*
        version: link:../packages/brandora-i18n
      '@brandora/quotes':
        specifier: workspace:*
        version: link:../packages/brandora-quotes
      '@brandora/server':
        specifier: workspace:*
        version: link:../packages/brandora-server
      '@brandora/shared':
        specifier: workspace:*
        version: link:../packages/brandora-shared
      '@brandora/sourcing':
        specifier: workspace:*
        version: link:../packages/brandora-sourcing
    devDependencies:
      '@types/node':
        specifier: ^22.10.2
        version: 22.20.1
      typescript:
        specifier: ^5.7.2
        version: 5.9.3

packages:

  '@anthropic-ai/sdk@0.68.0':
    resolution: {integrity: sha512-SMYAmbbiprG8k1EjEPMTwaTqssDT7Ae+jxcR5kWXiqTlbwMR2AthXtscEVWOHkRfyAV5+y3PFYTJRNa3OJWIEw==}
    hasBin: true
    peerDependencies:
      zod: ^3.25.0 || ^4.0.0
    peerDependenciesMeta:
      zod:
        optional: true

  '@babel/runtime@7.29.7':
    resolution: {integrity: sha512-Nq8OhGWiZIZGV6hLHoyAKLLcJihP/xFeBMGJoUrxTX2psI8dCifzLhZISFb+VWS3wFMRDmCGw5R+dOySCqPLhw==}
    engines: {node: '>=6.9.0'}

  '@turbo/darwin-64@2.10.9':
    resolution: {integrity: sha512-Jh+pTGXLNz8+1tkUU13TI/f+ZOI+OvC4YbHi1H+57iSpLt5DR3xgptd+4sA07RdjdRR/RX/01uQQu2OkbzIefA==}
    cpu: [x64]
    os: [darwin]

  '@turbo/darwin-arm64@2.10.9':
    resolution: {integrity: sha512-aqtpPkiIC4IUas8Vv27oJ3aDfTuP1d5wofd01dZ7gfhHRrIKuFdqQb4imvNnVFahcOViF9Jh8Oi7feDoz8/ciA==}
    cpu: [arm64]
    os: [darwin]

  '@turbo/linux-64@2.10.9':
    resolution: {integrity: sha512-XyAneUBsS5uNOUOjBSs81zyigMVwwhVUd3u7F2JFMKGQk6F7eNAiOEBASJ+aHLldjYsOEjhfW+5gWIqwziyFFw==}
    cpu: [x64]
    os: [android, linux]

  '@turbo/linux-arm64@2.10.9':
    resolution: {integrity: sha512-5jAcldLnkuWIjujGhCn2MGIeUwW8IVNOq9Sce4EEzzgLcxmhTasbV0RiW6ZkaRdOjmOCGzeNXPLkDJEOIucOLw==}
    cpu: [arm64]
    os: [android, linux]

  '@turbo/windows-64@2.10.9':
    resolution: {integrity: sha512-u1xGpGlefzuhBedbt/VR2nWdftfFVZwPeDg9e5uZl68sV1fL3HNYTNr5VyHkzgtPK2VTYg1x4OKZuGrh1Gvhtg==}
    cpu: [x64]
    os: [win32]

  '@turbo/windows-arm64@2.10.9':
    resolution: {integrity: sha512-W2Ub165Qv0iMFljbYKxxbZN+2dVSngnzEjQNEFXtnz5oJVx9XSypmNmUvMtuYMeZ3kdVC1zI7yd/rtuX+SDnbg==}
    cpu: [arm64]
    os: [win32]

  '@types/node@22.20.1':
    resolution: {integrity: sha512-EANqOCF9QFyra+4pfxUcX9STKJpCLjMbObVzljIJomAWSnuSIEAvyzEU53GaajbXJEgdh0iEcPL+DGvpUd4k1Q==}

  '@types/pg@8.21.0':
    resolution: {integrity: sha512-AYdtudzabjLZgVgRZmAnU8bAnVUXzuJX2IYHeSIiIHm68olD+LgQYCGWdtcNYnP0uq9c4S4NibVG3Ni7VbKW7Q==}

  json-schema-to-ts@3.1.1:
    resolution: {integrity: sha512-+DWg8jCJG2TEnpy7kOm/7/AxaYoaRbjVB4LFZLySZlWn8exGs3A4OLJR966cVvU26N7X9TWxl+Jsw7dzAqKT6g==}
    engines: {node: '>=16'}

  pg-cloudflare@1.4.0:
    resolution: {integrity: sha512-Vo7z/6rrQYxpNRylp4Tlob2elzbh+N/MOQbxFVWCxS7oEx6jF53GTJFxK2WWpKuBRkmiin4Mt+xofFDjx09R0A==}

  pg-connection-string@2.14.0:
    resolution: {integrity: sha512-XwWDGcLRGCXAR8F/AM5bG7Q+A3Wm2s6QeEjlOKZLlH3UYcguiqCWKyWXVag5TLTIjR7oOJUY8kcADaZgWPyLeg==}

  pg-int8@1.0.1:
    resolution: {integrity: sha512-WCtabS6t3c8SkpDBUlb1kjOs7l66xsGdKpIPZsg4wR+B3+u9UAum2odSsF9tnvxg80h4ZxLWMy4pRjOsFIqQpw==}
    engines: {node: '>=4.0.0'}

  pg-pool@3.14.0:
    resolution: {integrity: sha512-gKtPkFdQPU3DksooVLi9LsjZxrsBUZIpa+7aVx+LV5pNh0KzP4Zleud2po+ConrxbuXGBJ6Hfer6hdgpIBpBaw==}
    peerDependencies:
      pg: '>=8.0'

  pg-protocol@1.16.0:
    resolution: {integrity: sha512-sILXutLVjCLjcDuOmvhX5e2Z4cS5qG/6Bu3VkpFwdf/633ElGLpEh9bgmuI5I4sqKqkifQiGyiCcx1HdtrK7tg==}

  pg-types@2.2.0:
    resolution: {integrity: sha512-qTAAlrEsl8s4OiEQY69wDvcMIdQN6wdz5ojQiOy6YRMuynxenON0O5oCpJI6lshc6scgAY8qvJ2On/p+CXY0GA==}
    engines: {node: '>=4'}

  pg@8.23.0:
    resolution: {integrity: sha512-Ip2EQCngowJLGOfCwkFhPXU7/ljlhn6Rxlmy4XYfL2Y+vyRM59+8uR2xqRWKdYmbXmxCFOAmKxBuSUCdF34qLg==}
    engines: {node: '>= 16.0.0'}
    peerDependencies:
      pg-native: '>=3.0.1'
    peerDependenciesMeta:
      pg-native:
        optional: true

  pgpass@1.0.5:
    resolution: {integrity: sha512-FdW9r/jQZhSeohs1Z3sI1yxFQNFvMcnmfuj4WBMUTxOrAyLMaTcE1aAMBiTlbMNaXvBCQuVi0R7hd8udDSP7ug==}

  postgres-array@2.0.0:
    resolution: {integrity: sha512-VpZrUqU5A69eQyW2c5CA1jtLecCsN2U/bD6VilrFDWq5+5UIEVO7nazS3TEcHf1zuPYO/sqGvUvW62g86RXZuA==}
    engines: {node: '>=4'}

  postgres-bytea@1.0.1:
    resolution: {integrity: sha512-5+5HqXnsZPE65IJZSMkZtURARZelel2oXUEO8rH83VS/hxH5vv1uHquPg5wZs8yMAfdv971IU+kcPUczi7NVBQ==}
    engines: {node: '>=0.10.0'}

  postgres-date@1.0.7:
    resolution: {integrity: sha512-suDmjLVQg78nMK2UZ454hAG+OAW+HQPZ6n++TNDUX+L0+uUlLywnoxJKDou51Zm+zTCjrCl0Nq6J9C5hP9vK/Q==}
    engines: {node: '>=0.10.0'}

  postgres-interval@1.2.0:
    resolution: {integrity: sha512-9ZhXKM/rw350N1ovuWHbGxnGh/SNJ4cnxHiM0rxE4VN41wsg8P8zWn9hv/buK00RP4WvlOyr/RBDiptyxVbkZQ==}
    engines: {node: '>=0.10.0'}

  split2@4.2.0:
    resolution: {integrity: sha512-UcjcJOWknrNkF6PLX83qcHM6KHgVKNkV62Y8a5uYDVv9ydGQVwAHMKqHdJje1VTWpljG0WYpCDhrCdAOYH4TWg==}
    engines: {node: '>= 10.x'}

  ts-algebra@2.0.0:
    resolution: {integrity: sha512-FPAhNPFMrkwz76P7cdjdmiShwMynZYN6SgOujD1urY4oNm80Ou9oMdmbR45LotcKOXoy7wSmHkRFE6Mxbrhefw==}

  turbo@2.10.9:
    resolution: {integrity: sha512-Yl9+ukxH+UmPtKidpDkjn82tvPoEvFNb9UACd9vUomN1Ft0cwl3rx0P8yC1D93W9EOsWRMjllvIDG8y25sFOog==}
    hasBin: true

  typescript@5.9.3:
    resolution: {integrity: sha512-jl1vZzPDinLr9eUt3J/t7V6FgNEw9QjvBPdysz9KfQDD41fQrC2Y4vKQdiaUpFT4bXlb1RHhLpp8wtm6M5TgSw==}
    engines: {node: '>=14.17'}
    hasBin: true

  undici-types@6.21.0:
    resolution: {integrity: sha512-iwDZqg0QAGrg9Rav5H4n0M64c3mkR59cJ6wQp+7C4nI0gsmExaedaYLNO44eT4AtBBwjbTiGPMlt2Md0T9H9JQ==}

  xtend@4.0.2:
    resolution: {integrity: sha512-LKYU1iAXJXUgAXn9URjiu+MWhyUXHsvfp7mcuYm9dSUKK0/CjtrUwFAxD82/mCWbtLsGjFIad0wIsod4zrTAEQ==}
    engines: {node: '>=0.4'}

snapshots:

  '@anthropic-ai/sdk@0.68.0':
    dependencies:
      json-schema-to-ts: 3.1.1

  '@babel/runtime@7.29.7': {}

  '@turbo/darwin-64@2.10.9':
    optional: true

  '@turbo/darwin-arm64@2.10.9':
    optional: true

  '@turbo/linux-64@2.10.9':
    optional: true

  '@turbo/linux-arm64@2.10.9':
    optional: true

  '@turbo/windows-64@2.10.9':
    optional: true

  '@turbo/windows-arm64@2.10.9':
    optional: true

  '@types/node@22.20.1':
    dependencies:
      undici-types: 6.21.0

  '@types/pg@8.21.0':
    dependencies:
      '@types/node': 22.20.1
      pg-protocol: 1.16.0
      pg-types: 2.2.0

  json-schema-to-ts@3.1.1:
    dependencies:
      '@babel/runtime': 7.29.7
      ts-algebra: 2.0.0

  pg-cloudflare@1.4.0:
    optional: true

  pg-connection-string@2.14.0: {}

  pg-int8@1.0.1: {}

  pg-pool@3.14.0(pg@8.23.0):
    dependencies:
      pg: 8.23.0

  pg-protocol@1.16.0: {}

  pg-types@2.2.0:
    dependencies:
      pg-int8: 1.0.1
      postgres-array: 2.0.0
      postgres-bytea: 1.0.1
      postgres-date: 1.0.7
      postgres-interval: 1.2.0

  pg@8.23.0:
    dependencies:
      pg-connection-string: 2.14.0
      pg-pool: 3.14.0(pg@8.23.0)
      pg-protocol: 1.16.0
      pg-types: 2.2.0
      pgpass: 1.0.5
    optionalDependencies:
      pg-cloudflare: 1.4.0

  pgpass@1.0.5:
    dependencies:
      split2: 4.2.0

  postgres-array@2.0.0: {}

  postgres-bytea@1.0.1: {}

  postgres-date@1.0.7: {}

  postgres-interval@1.2.0:
    dependencies:
      xtend: 4.0.2

  split2@4.2.0: {}

  ts-algebra@2.0.0: {}

  turbo@2.10.9:
    optionalDependencies:
      '@turbo/darwin-64': 2.10.9
      '@turbo/darwin-arm64': 2.10.9
      '@turbo/linux-64': 2.10.9
      '@turbo/linux-arm64': 2.10.9
      '@turbo/windows-64': 2.10.9
      '@turbo/windows-arm64': 2.10.9

  typescript@5.9.3: {}

  undici-types@6.21.0: {}

  xtend@4.0.2: {}
